
Microsoft Visual Studio Solution File, Format Version 12.00
# Visual Studio Version 17
VisualStudioVersion = 17.0.31903.59
MinimumVisualStudioVersion = 10.0.40219.1
Project("{2150E333-8FDC-42A3-9474-1A3956D46DE8}") = "src", "src", "{87E1B920-1A13-40EF-85F8-6BF282675114}"
EndProject
Project("{FAE04EC0-301F-11D3-BF4B-00C04F79EFBC}") = "TvShowsPlayer.Core", "src\TvShowsPlayer.Core\TvShowsPlayer.Core.csproj", "{42F4603C-F071-4013-8CEA-BF79D84834F2}"
EndProject
Project("{2150E333-8FDC-42A3-9474-1A3956D46DE8}") = "tests", "tests", "{2DCBA40B-7F70-4C1C-829E-6D42A4098941}"
EndProject
Project("{FAE04EC0-301F-11D3-BF4B-00C04F79EFBC}") = "TvShowsPlayer.Tests", "tests\TvShowsPlayer.Tests\TvShowsPlayer.Tests.csproj", "{BE0DBEEE-A650-4380-B979-E6DFDAE462F1}"
EndProject
Project("{FAE04EC0-301F-11D3-BF4B-00C04F79EFBC}") = "TvShowsPlayer.App", "src\TvShowsPlayer.App\TvShowsPlayer.App.csproj", "{814903F5-0598-4605-801D-45947C50D310}"
EndProject
Global
	GlobalSection(SolutionConfigurationPlatforms) = preSolution
		Debug|Any CPU = Debug|Any CPU
		Release|Any CPU = Release|Any CPU
	EndGlobalSection
	GlobalSection(SolutionProperties) = preSolution
		HideSolutionNode = FALSE
	EndGlobalSection
	GlobalSection(ProjectConfigurationPlatforms) = postSolution
		{42F4603C-F071-4013-8CEA-BF79D84834F2}.Debug|Any CPU.ActiveCfg = Debug|Any CPU
		{42F4603C-F071-4013-8CEA-BF79D84834F2}.Debug|Any CPU.Build.0 = Debug|Any CPU
		{42F4603C-F071-4013-8CEA-BF79D84834F2}.Release|Any CPU.ActiveCfg = Release|Any CPU
		{42F4603C-F071-4013-8CEA-BF79D84834F2}.Release|Any CPU.Build.0 = Release|Any CPU
		{BE0DBEEE-A650-4380-B979-E6DFDAE462F1}.Debug|Any CPU.ActiveCfg = Debug|Any CPU
		{BE0DBEEE-A650-4380-B979-E6DFDAE462F1}.Debug|Any CPU.Build.0 = Debug|Any CPU
		{BE0DBEEE-A650-4380-B979-E6DFDAE462F1}.Release|Any CPU.ActiveCfg = Release|Any CPU
		{BE0DBEEE-A650-4380-B979-E6DFDAE462F1}.Release|Any CPU.Build.0 = Release|Any CPU
		{814903F5-0598-4605-801D-45947C50D310}.Debug|Any CPU.ActiveCfg = Debug|Any CPU
		{814903F5-0598-4605-801D-45947C50D310}.Debug|Any CPU.Build.0 = Debug|Any CPU
		{814903F5-0598-4605-801D-45947C50D310}.Release|Any CPU.ActiveCfg = Release|Any CPU
		{814903F5-0598-4605-801D-45947C50D310}.Release|Any CPU.Build.0 = Release|Any CPU
	EndGlobalSection
	GlobalSection(NestedProjects) = preSolution
		{42F4603C-F071-4013-8CEA-BF79D84834F2} = {87E1B920-1A13-40EF-85F8-6BF282675114}
		{BE0DBEEE-A650-4380-B979-E6DFDAE462F1} = {2DCBA40B-7F70-4C1C-829E-6D42A4098941}
		{814903F5-0598-4605-801D-45947C50D310} = {87E1B920-1A13-40EF-85F8-6BF282675114}
	EndGlobalSection
EndGlobal
